
Microsoft Visual Studio Solution File, Format Version 12.00
# Visual Studio Version 16
VisualStudioVersion = 16.0.31424.327
MinimumVisualStudioVersion = 10.0.40219.1
Project("{9A19103F-16F7-4668-BE54-9A1E7A4F7556}") = "Raymaker.SimpleApiJWTDemo", "Raymaker.SimpleApiJWTDemo\Raymaker.SimpleApiJWTDemo.csproj", "{A9ABB8D4-913B-49F9-A7FC-3E98EAB6B1B8}"
EndProject
Project("{FAE04EC0-301F-11D3-BF4B-00C04F79EFBC}") = "Raymaker.JwtAuthenticationApi", "Raymaker.JwtAuthenticationApi\Raymaker.JwtAuthenticationApi.csproj", "{BD3E20A8-497F-4CA7-B61A-630597A3861B}"
EndProject
Global
	GlobalSection(SolutionConfigurationPlatforms) = preSolution
		Debug|Any CPU = Debug|Any CPU
		Release|Any CPU = Release|Any CPU
	EndGlobalSection
	GlobalSection(ProjectConfigurationPlatforms) = postSolution
		{A9ABB8D4-913B-49F9-A7FC-3E98EAB6B1B8}.Debug|Any CPU.ActiveCfg = Debug|Any CPU
		{A9ABB8D4-913B-49F9-A7FC-3E98EAB6B1B8}.Debug|Any CPU.Build.0 = Debug|Any CPU
		{A9ABB8D4-913B-49F9-A7FC-3E98EAB6B1B8}.Release|Any CPU.ActiveCfg = Release|Any CPU
		{A9ABB8D4-913B-49F9-A7FC-3E98EAB6B1B8}.Release|Any CPU.Build.0 = Release|Any CPU
		{BD3E20A8-497F-4CA7-B61A-630597A3861B}.Debug|Any CPU.ActiveCfg = Debug|Any CPU
		{BD3E20A8-497F-4CA7-B61A-630597A3861B}.Debug|Any CPU.Build.0 = Debug|Any CPU
		{BD3E20A8-497F-4CA7-B61A-630597A3861B}.Release|Any CPU.ActiveCfg = Release|Any CPU
		{BD3E20A8-497F-4CA7-B61A-630597A3861B}.Release|Any CPU.Build.0 = Release|Any CPU
	EndGlobalSection
	GlobalSection(SolutionProperties) = preSolution
		HideSolutionNode = FALSE
	EndGlobalSection
	GlobalSection(ExtensibilityGlobals) = postSolution
		SolutionGuid = {AFC8C6BA-BFC0-4A62-92D6-A2C6690E19A1}
	EndGlobalSection
EndGlobal
